
Microsoft Visual Studio Solution File, Format Version 12.00
# Visual Studio Version 16
VisualStudioVersion = 16.0.31605.320
MinimumVisualStudioVersion = 10.0.40219.1
Project("{FAE04EC0-301F-11D3-BF4B-00C04F79EFBC}") = "excel in objects", "excel in objects\excel in objects.csproj", "{F126E21C-E406-4D1B-8B9B-06C6ECBDF39E}"
EndProject
Global
	GlobalSection(SolutionConfigurationPlatforms) = preSolution
		Debug|Any CPU = Debug|Any CPU
		Release|Any CPU = Release|Any CPU
	EndGlobalSection
	GlobalSection(ProjectConfigurationPlatforms) = postSolution
		{F126E21C-E406-4D1B-8B9B-06C6ECBDF39E}.Debug|Any CPU.ActiveCfg = Debug|Any CPU
		{F126E21C-E406-4D1B-8B9B-06C6ECBDF39E}.Debug|Any CPU.Build.0 = Debug|Any CPU
		{F126E21C-E406-4D1B-8B9B-06C6ECBDF39E}.Release|Any CPU.ActiveCfg = Release|Any CPU
		{F126E21C-E406-4D1B-8B9B-06C6ECBDF39E}.Release|Any CPU.Build.0 = Release|Any CPU
	EndGlobalSection
	GlobalSection(SolutionProperties) = preSolution
		HideSolutionNode = FALSE
	EndGlobalSection
	GlobalSection(ExtensibilityGlobals) = postSolution
		SolutionGuid = {3104D546-4623-41D0-A1DF-0C603F2782D6}
	EndGlobalSection
EndGlobal
